
Microsoft Visual Studio Solution File, Format Version 12.00
# Visual Studio Version 16
VisualStudioVersion = 16.0.29230.47
MinimumVisualStudioVersion = 10.0.40219.1
Project("{8BC9CEB8-8B4A-11D0-8D11-00A0C91BC942}") = "DIHT", "DIHT\DIHT.vcxproj", "{E5B68817-C606-47BE-B0CA-ACE3E453F90A}"
EndProject
Project("{8BC9CEB8-8B4A-11D0-8D11-00A0C91BC942}") = "Task_1_1_6", "Task_1_1_6\Task_1_1_6.vcxproj", "{0DD55F60-E750-4329-9366-BFDA063E4FA9}"
EndProject
Project("{8BC9CEB8-8B4A-11D0-8D11-00A0C91BC942}") = "Task_1_2_2", "Task_1_2_2\Task_1_2_2.vcxproj", "{7B5E711E-6C7B-4FC1-AA2C-6D511B4A91AE}"
EndProject
Project("{8BC9CEB8-8B4A-11D0-8D11-00A0C91BC942}") = "Task_1_3_6", "Task_1_3_6\Task_1_3_6.vcxproj", "{7C80194D-92C5-429E-A508-420DAB7629D2}"
EndProject
Project("{8BC9CEB8-8B4A-11D0-8D11-00A0C91BC942}") = "Task_1_4_2", "Task_1_4_2\Task_1_4_2.vcxproj", "{A7825B7E-D181-4251-8474-6D82FE45435C}"
EndProject
Project("{8BC9CEB8-8B4A-11D0-8D11-00A0C91BC942}") = "Task_1_5_1", "Task_1_5_1\Task_1_5_1.vcxproj", "{D6623D73-B79B-4C71-A1D4-BCD22B6F8464}"
EndProject
Project("{8BC9CEB8-8B4A-11D0-8D11-00A0C91BC942}") = "Task_1_6_4", "Task_1_6_4\Task_1_6_4.vcxproj", "{62AC8179-CF59-42F1-9360-6DBFE9AEF9FA}"
EndProject
Project("{8BC9CEB8-8B4A-11D0-8D11-00A0C91BC942}") = "Task_2_1_5", "Task_2_1_5\Task_2_1_5.vcxproj", "{2E496674-B8D7-497E-AF5C-C7A23AFB70EE}"
EndProject
Project("{8BC9CEB8-8B4A-11D0-8D11-00A0C91BC942}") = "MySTL", "MySTL\MySTL.vcxproj", "{D05CEA4A-707E-45F7-B95D-6ADD5ADC6AA7}"
EndProject
Project("{8BC9CEB8-8B4A-11D0-8D11-00A0C91BC942}") = "Task_2_2_3", "Task_2_2_3\Task_2_2_3.vcxproj", "{C84DCB7D-39A7-4E43-A25B-F5343DBAAEB5}"
EndProject
Project("{8BC9CEB8-8B4A-11D0-8D11-00A0C91BC942}") = "Task_2_3_2", "Task_2_3_2\Task_2_3_2.vcxproj", "{EF818F84-AA4C-415E-8544-6F9CBC8F7377}"
EndProject
Project("{8BC9CEB8-8B4A-11D0-8D11-00A0C91BC942}") = "Task_2_4_2", "Task_2_4_2\Task_2_4_2.vcxproj", "{F7960EEB-BC96-40D6-B288-400A381F8711}"
EndProject
Project("{8BC9CEB8-8B4A-11D0-8D11-00A0C91BC942}") = "Task_2_5_4", "Task_2_5_4\Task_2_5_4.vcxproj", "{8D2AD2D5-A034-47CD-9E2E-2E36C4D68A48}"
EndProject
Project("{8BC9CEB8-8B4A-11D0-8D11-00A0C91BC942}") = "Task_2_5_4_1", "Task_2_5_4_1\Task_2_5_4_1.vcxproj", "{90E79AD5-CFCF-4598-BD39-B48B55826E39}"
EndProject
Project("{8BC9CEB8-8B4A-11D0-8D11-00A0C91BC942}") = "Task_2_7_0", "Task_2_7_0\Task_2_7_0.vcxproj", "{A3E62DCF-B61C-4D4D-B454-EED99EF28D60}"
EndProject
Project("{8BC9CEB8-8B4A-11D0-8D11-00A0C91BC942}") = "Task_2_7_1", "Task_2_7_1\Task_2_7_1.vcxproj", "{97DA8AF7-00D2-447B-823D-D4B1E1795561}"
EndProject
Project("{8BC9CEB8-8B4A-11D0-8D11-00A0C91BC942}") = "Task_2_6_0", "Task_2_6_0\Task_2_6_0.vcxproj", "{2AC5FAC6-98F3-4FC0-AED5-5F5F85ECFE07}"
EndProject
Project("{8BC9CEB8-8B4A-11D0-8D11-00A0C91BC942}") = "Task_3_1_2", "Task_3_1_2\Task_3_1_2.vcxproj", "{B7BB3C83-30C9-4D7E-BDC3-EF5FE0C01FB2}"
EndProject
Project("{8BC9CEB8-8B4A-11D0-8D11-00A0C91BC942}") = "Task_3_2_2", "Task_3_2_2\Task_3_2_2.vcxproj", "{508DE3CB-0AD1-4156-A299-DEB4EA799C3E}"
EndProject
Project("{8BC9CEB8-8B4A-11D0-8D11-00A0C91BC942}") = "Task_3_3_1", "Task_3_3_1\Task_3_3_1.vcxproj", "{A81B2841-5672-4018-9E02-1C87E88F3AAF}"
EndProject
Project("{8BC9CEB8-8B4A-11D0-8D11-00A0C91BC942}") = "Task_3_4_0", "Task_3_4_0\Task_3_4_0.vcxproj", "{61C81157-B972-40E7-A761-9167E9BE1A63}"
EndProject
Project("{8BC9CEB8-8B4A-11D0-8D11-00A0C91BC942}") = "Task_4_1_1", "Task_4_1_1\Task_4_1_1.vcxproj", "{9416C8FB-71BE-40A0-B184-0CECD0DAD5DE}"
EndProject
Project("{8BC9CEB8-8B4A-11D0-8D11-00A0C91BC942}") = "Task_4_2_2", "Task_4_2_2\Task_4_2_2.vcxproj", "{FF6F779D-E786-4340-9583-0828F05B06F3}"
EndProject
Project("{8BC9CEB8-8B4A-11D0-8D11-00A0C91BC942}") = "Task_4_3_2", "Task_4_3_2\Task_4_3_2.vcxproj", "{341D7484-66C9-463B-A3FF-C0BFFFF764B0}"
EndProject
Project("{8BC9CEB8-8B4A-11D0-8D11-00A0C91BC942}") = "Task_4_4_2", "Task_4_4_2\Task_4_4_2.vcxproj", "{BC07BFBB-6E4B-4B22-AE59-823CBE171C11}"
EndProject
Global
	GlobalSection(SolutionConfigurationPlatforms) = preSolution
		Debug|x64 = Debug|x64
		Debug|x86 = Debug|x86
		Release|x64 = Release|x64
		Release|x86 = Release|x86
	EndGlobalSection
	GlobalSection(ProjectConfigurationPlatforms) = postSolution
		{E5B68817-C606-47BE-B0CA-ACE3E453F90A}.Debug|x64.ActiveCfg = Debug|x64
		{E5B68817-C606-47BE-B0CA-ACE3E453F90A}.Debug|x64.Build.0 = Debug|x64
		{E5B68817-C606-47BE-B0CA-ACE3E453F90A}.Debug|x86.ActiveCfg = Debug|Win32
		{E5B68817-C606-47BE-B0CA-ACE3E453F90A}.Debug|x86.Build.0 = Debug|Win32
		{E5B68817-C606-47BE-B0CA-ACE3E453F90A}.Release|x64.ActiveCfg = Release|x64
		{E5B68817-C606-47BE-B0CA-ACE3E453F90A}.Release|x64.Build.0 = Release|x64
		{E5B68817-C606-47BE-B0CA-ACE3E453F90A}.Release|x86.ActiveCfg = Release|Win32
		{E5B68817-C606-47BE-B0CA-ACE3E453F90A}.Release|x86.Build.0 = Release|Win32
		{0DD55F60-E750-4329-9366-BFDA063E4FA9}.Debug|x64.ActiveCfg = Debug|x64
		{0DD55F60-E750-4329-9366-BFDA063E4FA9}.Debug|x64.Build.0 = Debug|x64
		{0DD55F60-E750-4329-9366-BFDA063E4FA9}.Debug|x86.ActiveCfg = Debug|Win32
		{0DD55F60-E750-4329-9366-BFDA063E4FA9}.Debug|x86.Build.0 = Debug|Win32
		{0DD55F60-E750-4329-9366-BFDA063E4FA9}.Release|x64.ActiveCfg = Release|x64
		{0DD55F60-E750-4329-9366-BFDA063E4FA9}.Release|x64.Build.0 = Release|x64
		{0DD55F60-E750-4329-9366-BFDA063E4FA9}.Release|x86.ActiveCfg = Release|Win32
		{0DD55F60-E750-4329-9366-BFDA063E4FA9}.Release|x86.Build.0 = Release|Win32
		{7B5E711E-6C7B-4FC1-AA2C-6D511B4A91AE}.Debug|x64.ActiveCfg = Debug|x64
		{7B5E711E-6C7B-4FC1-AA2C-6D511B4A91AE}.Debug|x64.Build.0 = Debug|x64
		{7B5E711E-6C7B-4FC1-AA2C-6D511B4A91AE}.Debug|x86.ActiveCfg = Debug|Win32
		{7B5E711E-6C7B-4FC1-AA2C-6D511B4A91AE}.Debug|x86.Build.0 = Debug|Win32
		{7B5E711E-6C7B-4FC1-AA2C-6D511B4A91AE}.Release|x64.ActiveCfg = Release|x64
		{7B5E711E-6C7B-4FC1-AA2C-6D511B4A91AE}.Release|x64.Build.0 = Release|x64
		{7B5E711E-6C7B-4FC1-AA2C-6D511B4A91AE}.Release|x86.ActiveCfg = Release|Win32
		{7B5E711E-6C7B-4FC1-AA2C-6D511B4A91AE}.Release|x86.Build.0 = Release|Win32
		{7C80194D-92C5-429E-A508-420DAB7629D2}.Debug|x64.ActiveCfg = Debug|x64
		{7C80194D-92C5-429E-A508-420DAB7629D2}.Debug|x64.Build.0 = Debug|x64
		{7C80194D-92C5-429E-A508-420DAB7629D2}.Debug|x86.ActiveCfg = Debug|Win32
		{7C80194D-92C5-429E-A508-420DAB7629D2}.Debug|x86.Build.0 = Debug|Win32
		{7C80194D-92C5-429E-A508-420DAB7629D2}.Release|x64.ActiveCfg = Release|x64
		{7C80194D-92C5-429E-A508-420DAB7629D2}.Release|x64.Build.0 = Release|x64
		{7C80194D-92C5-429E-A508-420DAB7629D2}.Release|x86.ActiveCfg = Release|Win32
		{7C80194D-92C5-429E-A508-420DAB7629D2}.Release|x86.Build.0 = Release|Win32
		{A7825B7E-D181-4251-8474-6D82FE45435C}.Debug|x64.ActiveCfg = Debug|x64
		{A7825B7E-D181-4251-8474-6D82FE45435C}.Debug|x64.Build.0 = Debug|x64
		{A7825B7E-D181-4251-8474-6D82FE45435C}.Debug|x86.ActiveCfg = Debug|Win32
		{A7825B7E-D181-4251-8474-6D82FE45435C}.Debug|x86.Build.0 = Debug|Win32
		{A7825B7E-D181-4251-8474-6D82FE45435C}.Release|x64.ActiveCfg = Release|x64
		{A7825B7E-D181-4251-8474-6D82FE45435C}.Release|x64.Build.0 = Release|x64
		{A7825B7E-D181-4251-8474-6D82FE45435C}.Release|x86.ActiveCfg = Release|Win32
		{A7825B7E-D181-4251-8474-6D82FE45435C}.Release|x86.Build.0 = Release|Win32
		{D6623D73-B79B-4C71-A1D4-BCD22B6F8464}.Debug|x64.ActiveCfg = Debug|x64
		{D6623D73-B79B-4C71-A1D4-BCD22B6F8464}.Debug|x64.Build.0 = Debug|x64
		{D6623D73-B79B-4C71-A1D4-BCD22B6F8464}.Debug|x86.ActiveCfg = Debug|Win32
		{D6623D73-B79B-4C71-A1D4-BCD22B6F8464}.Debug|x86.Build.0 = Debug|Win32
		{D6623D73-B79B-4C71-A1D4-BCD22B6F8464}.Release|x64.ActiveCfg = Release|x64
		{D6623D73-B79B-4C71-A1D4-BCD22B6F8464}.Release|x64.Build.0 = Release|x64
		{D6623D73-B79B-4C71-A1D4-BCD22B6F8464}.Release|x86.ActiveCfg = Release|Win32
		{D6623D73-B79B-4C71-A1D4-BCD22B6F8464}.Release|x86.Build.0 = Release|Win32
		{62AC8179-CF59-42F1-9360-6DBFE9AEF9FA}.Debug|x64.ActiveCfg = Debug|x64
		{62AC8179-CF59-42F1-9360-6DBFE9AEF9FA}.Debug|x64.Build.0 = Debug|x64
		{62AC8179-CF59-42F1-9360-6DBFE9AEF9FA}.Debug|x86.ActiveCfg = Debug|Win32
		{62AC8179-CF59-42F1-9360-6DBFE9AEF9FA}.Debug|x86.Build.0 = Debug|Win32
		{62AC8179-CF59-42F1-9360-6DBFE9AEF9FA}.Release|x64.ActiveCfg = Release|x64
		{62AC8179-CF59-42F1-9360-6DBFE9AEF9FA}.Release|x64.Build.0 = Release|x64
		{62AC8179-CF59-42F1-9360-6DBFE9AEF9FA}.Release|x86.ActiveCfg = Release|Win32
		{62AC8179-CF59-42F1-9360-6DBFE9AEF9FA}.Release|x86.Build.0 = Release|Win32
		{2E496674-B8D7-497E-AF5C-C7A23AFB70EE}.Debug|x64.ActiveCfg = Debug|x64
		{2E496674-B8D7-497E-AF5C-C7A23AFB70EE}.Debug|x64.Build.0 = Debug|x64
		{2E496674-B8D7-497E-AF5C-C7A23AFB70EE}.Debug|x86.ActiveCfg = Debug|Win32
		{2E496674-B8D7-497E-AF5C-C7A23AFB70EE}.Debug|x86.Build.0 = Debug|Win32
		{2E496674-B8D7-497E-AF5C-C7A23AFB70EE}.Release|x64.ActiveCfg = Release|x64
		{2E496674-B8D7-497E-AF5C-C7A23AFB70EE}.Release|x64.Build.0 = Release|x64
		{2E496674-B8D7-497E-AF5C-C7A23AFB70EE}.Release|x86.ActiveCfg = Release|Win32
		{2E496674-B8D7-497E-AF5C-C7A23AFB70EE}.Release|x86.Build.0 = Release|Win32
		{D05CEA4A-707E-45F7-B95D-6ADD5ADC6AA7}.Debug|x64.ActiveCfg = Debug|x64
		{D05CEA4A-707E-45F7-B95D-6ADD5ADC6AA7}.Debug|x64.Build.0 = Debug|x64
		{D05CEA4A-707E-45F7-B95D-6ADD5ADC6AA7}.Debug|x86.ActiveCfg = Debug|Win32
		{D05CEA4A-707E-45F7-B95D-6ADD5ADC6AA7}.Debug|x86.Build.0 = Debug|Win32
		{D05CEA4A-707E-45F7-B95D-6ADD5ADC6AA7}.Release|x64.ActiveCfg = Release|x64
		{D05CEA4A-707E-45F7-B95D-6ADD5ADC6AA7}.Release|x64.Build.0 = Release|x64
		{D05CEA4A-707E-45F7-B95D-6ADD5ADC6AA7}.Release|x86.ActiveCfg = Release|Win32
		{D05CEA4A-707E-45F7-B95D-6ADD5ADC6AA7}.Release|x86.Build.0 = Release|Win32
		{C84DCB7D-39A7-4E43-A25B-F5343DBAAEB5}.Debug|x64.ActiveCfg = Debug|x64
		{C84DCB7D-39A7-4E43-A25B-F5343DBAAEB5}.Debug|x64.Build.0 = Debug|x64
		{C84DCB7D-39A7-4E43-A25B-F5343DBAAEB5}.Debug|x86.ActiveCfg = Debug|Win32
		{C84DCB7D-39A7-4E43-A25B-F5343DBAAEB5}.Debug|x86.Build.0 = Debug|Win32
		{C84DCB7D-39A7-4E43-A25B-F5343DBAAEB5}.Release|x64.ActiveCfg = Release|x64
		{C84DCB7D-39A7-4E43-A25B-F5343DBAAEB5}.Release|x64.Build.0 = Release|x64
		{C84DCB7D-39A7-4E43-A25B-F5343DBAAEB5}.Release|x86.ActiveCfg = Release|Win32
		{C84DCB7D-39A7-4E43-A25B-F5343DBAAEB5}.Release|x86.Build.0 = Release|Win32
		{EF818F84-AA4C-415E-8544-6F9CBC8F7377}.Debug|x64.ActiveCfg = Debug|x64
		{EF818F84-AA4C-415E-8544-6F9CBC8F7377}.Debug|x64.Build.0 = Debug|x64
		{EF818F84-AA4C-415E-8544-6F9CBC8F7377}.Debug|x86.ActiveCfg = Debug|Win32
		{EF818F84-AA4C-415E-8544-6F9CBC8F7377}.Debug|x86.Build.0 = Debug|Win32
		{EF818F84-AA4C-415E-8544-6F9CBC8F7377}.Release|x64.ActiveCfg = Release|x64
		{EF818F84-AA4C-415E-8544-6F9CBC8F7377}.Release|x64.Build.0 = Release|x64
		{EF818F84-AA4C-415E-8544-6F9CBC8F7377}.Release|x86.ActiveCfg = Release|Win32
		{EF818F84-AA4C-415E-8544-6F9CBC8F7377}.Release|x86.Build.0 = Release|Win32
		{F7960EEB-BC96-40D6-B288-400A381F8711}.Debug|x64.ActiveCfg = Debug|x64
		{F7960EEB-BC96-40D6-B288-400A381F8711}.Debug|x64.Build.0 = Debug|x64
		{F7960EEB-BC96-40D6-B288-400A381F8711}.Debug|x86.ActiveCfg = Debug|Win32
		{F7960EEB-BC96-40D6-B288-400A381F8711}.Debug|x86.Build.0 = Debug|Win32
		{F7960EEB-BC96-40D6-B288-400A381F8711}.Release|x64.ActiveCfg = Release|x64
		{F7960EEB-BC96-40D6-B288-400A381F8711}.Release|x64.Build.0 = Release|x64
		{F7960EEB-BC96-40D6-B288-400A381F8711}.Release|x86.ActiveCfg = Release|Win32
		{F7960EEB-BC96-40D6-B288-400A381F8711}.Release|x86.Build.0 = Release|Win32
		{8D2AD2D5-A034-47CD-9E2E-2E36C4D68A48}.Debug|x64.ActiveCfg = Debug|x64
		{8D2AD2D5-A034-47CD-9E2E-2E36C4D68A48}.Debug|x64.Build.0 = Debug|x64
		{8D2AD2D5-A034-47CD-9E2E-2E36C4D68A48}.Debug|x86.ActiveCfg = Debug|Win32
		{8D2AD2D5-A034-47CD-9E2E-2E36C4D68A48}.Debug|x86.Build.0 = Debug|Win32
		{8D2AD2D5-A034-47CD-9E2E-2E36C4D68A48}.Release|x64.ActiveCfg = Release|x64
		{8D2AD2D5-A034-47CD-9E2E-2E36C4D68A48}.Release|x64.Build.0 = Release|x64
		{8D2AD2D5-A034-47CD-9E2E-2E36C4D68A48}.Release|x86.ActiveCfg = Release|Win32
		{8D2AD2D5-A034-47CD-9E2E-2E36C4D68A48}.Release|x86.Build.0 = Release|Win32
		{90E79AD5-CFCF-4598-BD39-B48B55826E39}.Debug|x64.ActiveCfg = Debug|x64
		{90E79AD5-CFCF-4598-BD39-B48B55826E39}.Debug|x64.Build.0 = Debug|x64
		{90E79AD5-CFCF-4598-BD39-B48B55826E39}.Debug|x86.ActiveCfg = Debug|Win32
		{90E79AD5-CFCF-4598-BD39-B48B55826E39}.Debug|x86.Build.0 = Debug|Win32
		{90E79AD5-CFCF-4598-BD39-B48B55826E39}.Release|x64.ActiveCfg = Release|x64
		{90E79AD5-CFCF-4598-BD39-B48B55826E39}.Release|x64.Build.0 = Release|x64
		{90E79AD5-CFCF-4598-BD39-B48B55826E39}.Release|x86.ActiveCfg = Release|Win32
		{90E79AD5-CFCF-4598-BD39-B48B55826E39}.Release|x86.Build.0 = Release|Win32
		{A3E62DCF-B61C-4D4D-B454-EED99EF28D60}.Debug|x64.ActiveCfg = Debug|x64
		{A3E62DCF-B61C-4D4D-B454-EED99EF28D60}.Debug|x64.Build.0 = Debug|x64
		{A3E62DCF-B61C-4D4D-B454-EED99EF28D60}.Debug|x86.ActiveCfg = Debug|Win32
		{A3E62DCF-B61C-4D4D-B454-EED99EF28D60}.Debug|x86.Build.0 = Debug|Win32
		{A3E62DCF-B61C-4D4D-B454-EED99EF28D60}.Release|x64.ActiveCfg = Release|x64
		{A3E62DCF-B61C-4D4D-B454-EED99EF28D60}.Release|x64.Build.0 = Release|x64
		{A3E62DCF-B61C-4D4D-B454-EED99EF28D60}.Release|x86.ActiveCfg = Release|Win32
		{A3E62DCF-B61C-4D4D-B454-EED99EF28D60}.Release|x86.Build.0 = Release|Win32
		{97DA8AF7-00D2-447B-823D-D4B1E1795561}.Debug|x64.ActiveCfg = Debug|x64
		{97DA8AF7-00D2-447B-823D-D4B1E1795561}.Debug|x64.Build.0 = Debug|x64
		{97DA8AF7-00D2-447B-823D-D4B1E1795561}.Debug|x86.ActiveCfg = Debug|Win32
		{97DA8AF7-00D2-447B-823D-D4B1E1795561}.Debug|x86.Build.0 = Debug|Win32
		{97DA8AF7-00D2-447B-823D-D4B1E1795561}.Release|x64.ActiveCfg = Release|x64
		{97DA8AF7-00D2-447B-823D-D4B1E1795561}.Release|x64.Build.0 = Release|x64
		{97DA8AF7-00D2-447B-823D-D4B1E1795561}.Release|x86.ActiveCfg = Release|Win32
		{97DA8AF7-00D2-447B-823D-D4B1E1795561}.Release|x86.Build.0 = Release|Win32
		{2AC5FAC6-98F3-4FC0-AED5-5F5F85ECFE07}.Debug|x64.ActiveCfg = Debug|x64
		{2AC5FAC6-98F3-4FC0-AED5-5F5F85ECFE07}.Debug|x64.Build.0 = Debug|x64
		{2AC5FAC6-98F3-4FC0-AED5-5F5F85ECFE07}.Debug|x86.ActiveCfg = Debug|Win32
		{2AC5FAC6-98F3-4FC0-AED5-5F5F85ECFE07}.Debug|x86.Build.0 = Debug|Win32
		{2AC5FAC6-98F3-4FC0-AED5-5F5F85ECFE07}.Release|x64.ActiveCfg = Release|x64
		{2AC5FAC6-98F3-4FC0-AED5-5F5F85ECFE07}.Release|x64.Build.0 = Release|x64
		{2AC5FAC6-98F3-4FC0-AED5-5F5F85ECFE07}.Release|x86.ActiveCfg = Release|Win32
		{2AC5FAC6-98F3-4FC0-AED5-5F5F85ECFE07}.Release|x86.Build.0 = Release|Win32
		{B7BB3C83-30C9-4D7E-BDC3-EF5FE0C01FB2}.Debug|x64.ActiveCfg = Debug|x64
		{B7BB3C83-30C9-4D7E-BDC3-EF5FE0C01FB2}.Debug|x64.Build.0 = Debug|x64
		{B7BB3C83-30C9-4D7E-BDC3-EF5FE0C01FB2}.Debug|x86.ActiveCfg = Debug|Win32
		{B7BB3C83-30C9-4D7E-BDC3-EF5FE0C01FB2}.Debug|x86.Build.0 = Debug|Win32
		{B7BB3C83-30C9-4D7E-BDC3-EF5FE0C01FB2}.Release|x64.ActiveCfg = Release|x64
		{B7BB3C83-30C9-4D7E-BDC3-EF5FE0C01FB2}.Release|x64.Build.0 = Release|x64
		{B7BB3C83-30C9-4D7E-BDC3-EF5FE0C01FB2}.Release|x86.ActiveCfg = Release|Win32
		{B7BB3C83-30C9-4D7E-BDC3-EF5FE0C01FB2}.Release|x86.Build.0 = Release|Win32
		{508DE3CB-0AD1-4156-A299-DEB4EA799C3E}.Debug|x64.ActiveCfg = Debug|x64
		{508DE3CB-0AD1-4156-A299-DEB4EA799C3E}.Debug|x64.Build.0 = Debug|x64
		{508DE3CB-0AD1-4156-A299-DEB4EA799C3E}.Debug|x86.ActiveCfg = Debug|Win32
		{508DE3CB-0AD1-4156-A299-DEB4EA799C3E}.Debug|x86.Build.0 = Debug|Win32
		{508DE3CB-0AD1-4156-A299-DEB4EA799C3E}.Release|x64.ActiveCfg = Release|x64
		{508DE3CB-0AD1-4156-A299-DEB4EA799C3E}.Release|x64.Build.0 = Release|x64
		{508DE3CB-0AD1-4156-A299-DEB4EA799C3E}.Release|x86.ActiveCfg = Release|Win32
		{508DE3CB-0AD1-4156-A299-DEB4EA799C3E}.Release|x86.Build.0 = Release|Win32
		{A81B2841-5672-4018-9E02-1C87E88F3AAF}.Debug|x64.ActiveCfg = Debug|x64
		{A81B2841-5672-4018-9E02-1C87E88F3AAF}.Debug|x64.Build.0 = Debug|x64
		{A81B2841-5672-4018-9E02-1C87E88F3AAF}.Debug|x86.ActiveCfg = Debug|Win32
		{A81B2841-5672-4018-9E02-1C87E88F3AAF}.Debug|x86.Build.0 = Debug|Win32
		{A81B2841-5672-4018-9E02-1C87E88F3AAF}.Release|x64.ActiveCfg = Release|x64
		{A81B2841-5672-4018-9E02-1C87E88F3AAF}.Release|x64.Build.0 = Release|x64
		{A81B2841-5672-4018-9E02-1C87E88F3AAF}.Release|x86.ActiveCfg = Release|Win32
		{A81B2841-5672-4018-9E02-1C87E88F3AAF}.Release|x86.Build.0 = Release|Win32
		{61C81157-B972-40E7-A761-9167E9BE1A63}.Debug|x64.ActiveCfg = Debug|x64
		{61C81157-B972-40E7-A761-9167E9BE1A63}.Debug|x64.Build.0 = Debug|x64
		{61C81157-B972-40E7-A761-9167E9BE1A63}.Debug|x86.ActiveCfg = Debug|Win32
		{61C81157-B972-40E7-A761-9167E9BE1A63}.Debug|x86.Build.0 = Debug|Win32
		{61C81157-B972-40E7-A761-9167E9BE1A63}.Release|x64.ActiveCfg = Release|x64
		{61C81157-B972-40E7-A761-9167E9BE1A63}.Release|x64.Build.0 = Release|x64
		{61C81157-B972-40E7-A761-9167E9BE1A63}.Release|x86.ActiveCfg = Release|Win32
		{61C81157-B972-40E7-A761-9167E9BE1A63}.Release|x86.Build.0 = Release|Win32
		{9416C8FB-71BE-40A0-B184-0CECD0DAD5DE}.Debug|x64.ActiveCfg = Debug|x64
		{9416C8FB-71BE-40A0-B184-0CECD0DAD5DE}.Debug|x64.Build.0 = Debug|x64
		{9416C8FB-71BE-40A0-B184-0CECD0DAD5DE}.Debug|x86.ActiveCfg = Debug|Win32
		{9416C8FB-71BE-40A0-B184-0CECD0DAD5DE}.Debug|x86.Build.0 = Debug|Win32
		{9416C8FB-71BE-40A0-B184-0CECD0DAD5DE}.Release|x64.ActiveCfg = Release|x64
		{9416C8FB-71BE-40A0-B184-0CECD0DAD5DE}.Release|x64.Build.0 = Release|x64
		{9416C8FB-71BE-40A0-B184-0CECD0DAD5DE}.Release|x86.ActiveCfg = Release|Win32
		{9416C8FB-71BE-40A0-B184-0CECD0DAD5DE}.Release|x86.Build.0 = Release|Win32
		{FF6F779D-E786-4340-9583-0828F05B06F3}.Debug|x64.ActiveCfg = Debug|x64
		{FF6F779D-E786-4340-9583-0828F05B06F3}.Debug|x64.Build.0 = Debug|x64
		{FF6F779D-E786-4340-9583-0828F05B06F3}.Debug|x86.ActiveCfg = Debug|Win32
		{FF6F779D-E786-4340-9583-0828F05B06F3}.Debug|x86.Build.0 = Debug|Win32
		{FF6F779D-E786-4340-9583-0828F05B06F3}.Release|x64.ActiveCfg = Release|x64
		{FF6F779D-E786-4340-9583-0828F05B06F3}.Release|x64.Build.0 = Release|x64
		{FF6F779D-E786-4340-9583-0828F05B06F3}.Release|x86.ActiveCfg = Release|Win32
		{FF6F779D-E786-4340-9583-0828F05B06F3}.Release|x86.Build.0 = Release|Win32
		{341D7484-66C9-463B-A3FF-C0BFFFF764B0}.Debug|x64.ActiveCfg = Debug|x64
		{341D7484-66C9-463B-A3FF-C0BFFFF764B0}.Debug|x64.Build.0 = Debug|x64
		{341D7484-66C9-463B-A3FF-C0BFFFF764B0}.Debug|x86.ActiveCfg = Debug|Win32
		{341D7484-66C9-463B-A3FF-C0BFFFF764B0}.Debug|x86.Build.0 = Debug|Win32
		{341D7484-66C9-463B-A3FF-C0BFFFF764B0}.Release|x64.ActiveCfg = Release|x64
		{341D7484-66C9-463B-A3FF-C0BFFFF764B0}.Release|x64.Build.0 = Release|x64
		{341D7484-66C9-463B-A3FF-C0BFFFF764B0}.Release|x86.ActiveCfg = Release|Win32
		{341D7484-66C9-463B-A3FF-C0BFFFF764B0}.Release|x86.Build.0 = Release|Win32
		{BC07BFBB-6E4B-4B22-AE59-823CBE171C11}.Debug|x64.ActiveCfg = Debug|x64
		{BC07BFBB-6E4B-4B22-AE59-823CBE171C11}.Debug|x64.Build.0 = Debug|x64
		{BC07BFBB-6E4B-4B22-AE59-823CBE171C11}.Debug|x86.ActiveCfg = Debug|Win32
		{BC07BFBB-6E4B-4B22-AE59-823CBE171C11}.Debug|x86.Build.0 = Debug|Win32
		{BC07BFBB-6E4B-4B22-AE59-823CBE171C11}.Release|x64.ActiveCfg = Release|x64
		{BC07BFBB-6E4B-4B22-AE59-823CBE171C11}.Release|x64.Build.0 = Release|x64
		{BC07BFBB-6E4B-4B22-AE59-823CBE171C11}.Release|x86.ActiveCfg = Release|Win32
		{BC07BFBB-6E4B-4B22-AE59-823CBE171C11}.Release|x86.Build.0 = Release|Win32
	EndGlobalSection
	GlobalSection(SolutionProperties) = preSolution
		HideSolutionNode = FALSE
	EndGlobalSection
	GlobalSection(ExtensibilityGlobals) = postSolution
		SolutionGuid = {F44A4B59-79D4-4E29-A9D1-0039836F5517}
	EndGlobalSection
EndGlobal
